
Microsoft Visual Studio Solution File, Format Version 12.00
# Visual Studio Version 17
VisualStudioVersion = 17.5.002.0
MinimumVisualStudioVersion = 10.0.40219.1
Project("{9A19103F-16F7-4668-BE54-9A1E7A4F7556}") = "Blue.Wasm", "Blue.Wasm\Blue.Wasm.csproj", "{241ADEDE-8BE5-4D6D-B8E1-54B1D4F00376}"
EndProject
Global
	GlobalSection(SolutionConfigurationPlatforms) = preSolution
		Debug|Any CPU = Debug|Any CPU
		Release|Any CPU = Release|Any CPU
	EndGlobalSection
	GlobalSection(ProjectConfigurationPlatforms) = postSolution
		{241ADEDE-8BE5-4D6D-B8E1-54B1D4F00376}.Debug|Any CPU.ActiveCfg = Debug|Any CPU
		{241ADEDE-8BE5-4D6D-B8E1-54B1D4F00376}.Debug|Any CPU.Build.0 = Debug|Any CPU
		{241ADEDE-8BE5-4D6D-B8E1-54B1D4F00376}.Release|Any CPU.ActiveCfg = Release|Any CPU
		{241ADEDE-8BE5-4D6D-B8E1-54B1D4F00376}.Release|Any CPU.Build.0 = Release|Any CPU
	EndGlobalSection
	GlobalSection(SolutionProperties) = preSolution
		HideSolutionNode = FALSE
	EndGlobalSection
	GlobalSection(ExtensibilityGlobals) = postSolution
		SolutionGuid = {C7956F93-01EC-4A4C-96B8-6B35B22E3BB6}
	EndGlobalSection
EndGlobal
